// !$*UTF8*$!
{
	archiveVersion = 1;
	classes = {
	};
	objectVersion = 50;
	objects = {

/* Begin PBXBuildFile section */
		B61FE31D234287BA009C8959 /* SomeThread.h in CopyFiles */ = {isa = PBXBuildFile; fileRef = B6253363233FA31D007CC8D7 /* SomeThread.h */; };
		B61FE31E2342881B009C8959 /* SomeThread.h in CopyFiles */ = {isa = PBXBuildFile; fileRef = B6253363233FA31D007CC8D7 /* SomeThread.h */; };
		B6253364233FA31D007CC8D7 /* SomeThread.m in Sources */ = {isa = PBXBuildFile; fileRef = B6253362233FA31D007CC8D7 /* SomeThread.m */; };
		B625336C233FA580007CC8D7 /* Tests.swift in Sources */ = {isa = PBXBuildFile; fileRef = B625336B233FA580007CC8D7 /* Tests.swift */; };
		B625336E233FA581007CC8D7 /* libSomeThread.a in Frameworks */ = {isa = PBXBuildFile; fileRef = B6253356233FA2F2007CC8D7 /* libSomeThread.a */; };
		B6253374233FA69A007CC8D7 /* SomeThread.m in Sources */ = {isa = PBXBuildFile; fileRef = B6253362233FA31D007CC8D7 /* SomeThread.m */; };
		B6253377233FAA2D007CC8D7 /* SomeThread.h in Headers */ = {isa = PBXBuildFile; fileRef = B6253363233FA31D007CC8D7 /* SomeThread.h */; settings = {ATTRIBUTES = (Public, ); }; };
/* End PBXBuildFile section */

/* Begin PBXContainerItemProxy section */
		B625336F233FA581007CC8D7 /* PBXContainerItemProxy */ = {
			isa = PBXContainerItemProxy;
			containerPortal = B625334E233FA2F2007CC8D7 /* Project object */;
			proxyType = 1;
			remoteGlobalIDString = B6253355233FA2F2007CC8D7;
			remoteInfo = SomeThread;
		};
/* End PBXContainerItemProxy section */

/* Begin PBXCopyFilesBuildPhase section */
		B61FE31C23428789009C8959 /* CopyFiles */ = {
			isa = PBXCopyFilesBuildPhase;
			buildActionMask = 2147483647;
			dstPath = "";
			dstSubfolderSpec = 7;
			files = (
				B61FE31D234287BA009C8959 /* SomeThread.h in CopyFiles */,
			);
			runOnlyForDeploymentPostprocessing = 0;
		};
		B6253354233FA2F2007CC8D7 /* CopyFiles */ = {
			isa = PBXCopyFilesBuildPhase;
			buildActionMask = 2147483647;
			dstPath = "include/$(PRODUCT_NAME)";
			dstSubfolderSpec = 16;
			files = (
				B61FE31E2342881B009C8959 /* SomeThread.h in CopyFiles */,
			);
			runOnlyForDeploymentPostprocessing = 0;
		};
/* End PBXCopyFilesBuildPhase section */

/* Begin PBXFileReference section */
		B61FE31F23428E21009C8959 /* module.modulemap */ = {isa = PBXFileReference; lastKnownFileType = "sourcecode.module-map"; path = module.modulemap; sourceTree = "<group>"; };
		B6253356233FA2F2007CC8D7 /* libSomeThread.a */ = {isa = PBXFileReference; explicitFileType = archive.ar; includeInIndex = 0; path = libSomeThread.a; sourceTree = BUILT_PRODUCTS_DIR; };
		B6253362233FA31D007CC8D7 /* SomeThread.m */ = {isa = PBXFileReference; fileEncoding = 4; lastKnownFileType = sourcecode.c.objc; path = SomeThread.m; sourceTree = "<group>"; };
		B6253363233FA31D007CC8D7 /* SomeThread.h */ = {isa = PBXFileReference; fileEncoding = 4; lastKnownFileType = sourcecode.c.h; path = SomeThread.h; sourceTree = "<group>"; };
		B6253369233FA580007CC8D7 /* Tests.xctest */ = {isa = PBXFileReference; explicitFileType = wrapper.cfbundle; includeInIndex = 0; path = Tests.xctest; sourceTree = BUILT_PRODUCTS_DIR; };
		B625336B233FA580007CC8D7 /* Tests.swift */ = {isa = PBXFileReference; lastKnownFileType = sourcecode.swift; path = Tests.swift; sourceTree = "<group>"; };
		B625336D233FA581007CC8D7 /* Info.plist */ = {isa = PBXFileReference; lastKnownFileType = text.plist.xml; path = Info.plist; sourceTree = "<group>"; };
/* End PBXFileReference section */

/* Begin PBXFrameworksBuildPhase section */
		B6253353233FA2F2007CC8D7 /* Frameworks */ = {
			isa = PBXFrameworksBuildPhase;
			buildActionMask = 2147483647;
			files = (
			);
			runOnlyForDeploymentPostprocessing = 0;
		};
		B6253366233FA580007CC8D7 /* Frameworks */ = {
			isa = PBXFrameworksBuildPhase;
			buildActionMask = 2147483647;
			files = (
				B625336E233FA581007CC8D7 /* libSomeThread.a in Frameworks */,
			);
			runOnlyForDeploymentPostprocessing = 0;
		};
/* End PBXFrameworksBuildPhase section */

/* Begin PBXGroup section */
		B625334D233FA2F2007CC8D7 = {
			isa = PBXGroup;
			children = (
				B6253363233FA31D007CC8D7 /* SomeThread.h */,
				B6253362233FA31D007CC8D7 /* SomeThread.m */,
				B61FE31F23428E21009C8959 /* module.modulemap */,
				B625336A233FA580007CC8D7 /* Tests */,
				B6253357233FA2F2007CC8D7 /* Products */,
			);
			sourceTree = "<group>";
		};
		B6253357233FA2F2007CC8D7 /* Products */ = {
			isa = PBXGroup;
			children = (
				B6253356233FA2F2007CC8D7 /* libSomeThread.a */,
				B6253369233FA580007CC8D7 /* Tests.xctest */,
			);
			name = Products;
			sourceTree = "<group>";
		};
		B625336A233FA580007CC8D7 /* Tests */ = {
			isa = PBXGroup;
			children = (
				B625336B233FA580007CC8D7 /* Tests.swift */,
				B625336D233FA581007CC8D7 /* Info.plist */,
			);
			path = Tests;
			sourceTree = "<group>";
		};
/* End PBXGroup section */

/* Begin PBXHeadersBuildPhase section */
		B6253376233FAA22007CC8D7 /* Headers */ = {
			isa = PBXHeadersBuildPhase;
			buildActionMask = 2147483647;
			files = (
				B6253377233FAA2D007CC8D7 /* SomeThread.h in Headers */,
			);
			runOnlyForDeploymentPostprocessing = 0;
		};
/* End PBXHeadersBuildPhase section */

/* Begin PBXNativeTarget section */
		B6253355233FA2F2007CC8D7 /* SomeThread */ = {
			isa = PBXNativeTarget;
			buildConfigurationList = B625335F233FA2F2007CC8D7 /* Build configuration list for PBXNativeTarget "SomeThread" */;
			buildPhases = (
				B6253376233FAA22007CC8D7 /* Headers */,
				B6253352233FA2F2007CC8D7 /* Sources */,
				B6253353233FA2F2007CC8D7 /* Frameworks */,
				B6253354233FA2F2007CC8D7 /* CopyFiles */,
			);
			buildRules = (
			);
			dependencies = (
			);
			name = SomeThread;
			productName = SomeThread;
			productReference = B6253356233FA2F2007CC8D7 /* libSomeThread.a */;
			productType = "com.apple.product-type.library.static";
		};
		B6253368233FA580007CC8D7 /* Tests */ = {
			isa = PBXNativeTarget;
			buildConfigurationList = B6253371233FA581007CC8D7 /* Build configuration list for PBXNativeTarget "Tests" */;
			buildPhases = (
				B6253365233FA580007CC8D7 /* Sources */,
				B6253366233FA580007CC8D7 /* Frameworks */,
				B6253367233FA580007CC8D7 /* Resources */,
				B61FE31C23428789009C8959 /* CopyFiles */,
			);
			buildRules = (
			);
			dependencies = (
				B6253370233FA581007CC8D7 /* PBXTargetDependency */,
			);
			name = Tests;
			productName = Tests;
			productReference = B6253369233FA580007CC8D7 /* Tests.xctest */;
			productType = "com.apple.product-type.bundle.unit-test";
		};
/* End PBXNativeTarget section */

/* Begin PBXProject section */
		B625334E233FA2F2007CC8D7 /* Project object */ = {
			isa = PBXProject;
			attributes = {
				LastSwiftUpdateCheck = 1030;
				LastUpgradeCheck = 1030;
				ORGANIZATIONNAME = "SOME projects";
				TargetAttributes = {
					B6253355233FA2F2007CC8D7 = {
						CreatedOnToolsVersion = 10.3;
					};
					B6253368233FA580007CC8D7 = {
						CreatedOnToolsVersion = 10.3;
					};
				};
			};
			buildConfigurationList = B6253351233FA2F2007CC8D7 /* Build configuration list for PBXProject "SomeThread" */;
			compatibilityVersion = "Xcode 9.3";
			developmentRegion = en;
			hasScannedForEncodings = 0;
			knownRegions = (
				en,
			);
			mainGroup = B625334D233FA2F2007CC8D7;
			productRefGroup = B6253357233FA2F2007CC8D7 /* Products */;
			projectDirPath = "";
			projectRoot = "";
			targets = (
				B6253355233FA2F2007CC8D7 /* SomeThread */,
				B6253368233FA580007CC8D7 /* Tests */,
			);
		};
/* End PBXProject section */

/* Begin PBXResourcesBuildPhase section */
		B6253367233FA580007CC8D7 /* Resources */ = {
			isa = PBXResourcesBuildPhase;
			buildActionMask = 2147483647;
			files = (
			);
			runOnlyForDeploymentPostprocessing = 0;
		};
/* End PBXResourcesBuildPhase section */

/* Begin PBXSourcesBuildPhase section */
		B6253352233FA2F2007CC8D7 /* Sources */ = {
			isa = PBXSourcesBuildPhase;
			buildActionMask = 2147483647;
			files = (
				B6253364233FA31D007CC8D7 /* SomeThread.m in Sources */,
			);
			runOnlyForDeploymentPostprocessing = 0;
		};
		B6253365233FA580007CC8D7 /* Sources */ = {
			isa = PBXSourcesBuildPhase;
			buildActionMask = 2147483647;
			files = (
				B625336C233FA580007CC8D7 /* Tests.swift in Sources */,
				B6253374233FA69A007CC8D7 /* SomeThread.m in Sources */,
			);
			runOnlyForDeploymentPostprocessing = 0;
		};
/* End PBXSourcesBuildPhase section */

/* Begin PBXTargetDependency section */
		B6253370233FA581007CC8D7 /* PBXTargetDependency */ = {
			isa = PBXTargetDependency;
			target = B6253355233FA2F2007CC8D7 /* SomeThread */;
			targetProxy = B625336F233FA581007CC8D7 /* PBXContainerItemProxy */;
		};
/* End PBXTargetDependency section */

/* Begin XCBuildConfiguration section */
		B625335D233FA2F2007CC8D7 /* Debug */ = {
			isa = XCBuildConfiguration;
			buildSettings = {
				ALWAYS_SEARCH_USER_PATHS = NO;
				CLANG_ANALYZER_NONNULL = YES;
				CLANG_ANALYZER_NUMBER_OBJECT_CONVERSION = YES_AGGRESSIVE;
				CLANG_CXX_LANGUAGE_STANDARD = "gnu++14";
				CLANG_CXX_LIBRARY = "libc++";
				CLANG_ENABLE_MODULES = YES;
				CLANG_ENABLE_OBJC_ARC = YES;
				CLANG_ENABLE_OBJC_WEAK = YES;
				CLANG_WARN_BLOCK_CAPTURE_AUTORELEASING = YES;
				CLANG_WARN_BOOL_CONVERSION = YES;
				CLANG_WARN_COMMA = YES;
				CLANG_WARN_CONSTANT_CONVERSION = YES;
				CLANG_WARN_DEPRECATED_OBJC_IMPLEMENTATIONS = YES;
				CLANG_WARN_DIRECT_OBJC_ISA_USAGE = YES_ERROR;
				CLANG_WARN_DOCUMENTATION_COMMENTS = YES;
				CLANG_WARN_EMPTY_BODY = YES;
				CLANG_WARN_ENUM_CONVERSION = YES;
				CLANG_WARN_INFINITE_RECURSION = YES;
				CLANG_WARN_INT_CONVERSION = YES;
				CLANG_WARN_NON_LITERAL_NULL_CONVERSION = YES;
				CLANG_WARN_OBJC_IMPLICIT_RETAIN_SELF = YES;
				CLANG_WARN_OBJC_LITERAL_CONVERSION = YES;
				CLANG_WARN_OBJC_ROOT_CLASS = YES_ERROR;
				CLANG_WARN_RANGE_LOOP_ANALYSIS = YES;
				CLANG_WARN_STRICT_PROTOTYPES = YES;
				CLANG_WARN_SUSPICIOUS_MOVE = YES;
				CLANG_WARN_UNGUARDED_AVAILABILITY = YES_AGGRESSIVE;
				CLANG_WARN_UNREACHABLE_CODE = YES;
				CLANG_WARN__DUPLICATE_METHOD_MATCH = YES;
				CODE_SIGN_IDENTITY = "iPhone Developer";
				COPY_PHASE_STRIP = NO;
				DEBUG_INFORMATION_FORMAT = dwarf;
				ENABLE_STRICT_OBJC_MSGSEND = YES;
				ENABLE_TESTABILITY = YES;
				GCC_C_LANGUAGE_STANDARD = gnu11;
				GCC_DYNAMIC_NO_PIC = NO;
				GCC_NO_COMMON_BLOCKS = YES;
				GCC_OPTIMIZATION_LEVEL = 0;
				GCC_PREPROCESSOR_DEFINITIONS = (
					"DEBUG=1",
					"$(inherited)",
				);
				GCC_WARN_64_TO_32_BIT_CONVERSION = YES;
				GCC_WARN_ABOUT_RETURN_TYPE = YES_ERROR;
				GCC_WARN_UNDECLARED_SELECTOR = YES;
				GCC_WARN_UNINITIALIZED_AUTOS = YES_AGGRESSIVE;
				GCC_WARN_UNUSED_FUNCTION = YES;
				GCC_WARN_UNUSED_VARIABLE = YES;
				IPHONEOS_DEPLOYMENT_TARGET = 12.4;
				MTL_ENABLE_DEBUG_INFO = INCLUDE_SOURCE;
				MTL_FAST_MATH = YES;
				ONLY_ACTIVE_ARCH = YES;
				SDKROOT = iphoneos;
			};
			name = Debug;
		};
		B625335E233FA2F2007CC8D7 /* Release */ = {
			isa = XCBuildConfiguration;
			buildSettings = {
				ALWAYS_SEARCH_USER_PATHS = NO;
				CLANG_ANALYZER_NONNULL = YES;
				CLANG_ANALYZER_NUMBER_OBJECT_CONVERSION = YES_AGGRESSIVE;
				CLANG_CXX_LANGUAGE_STANDARD = "gnu++14";
				CLANG_CXX_LIBRARY = "libc++";
				CLANG_ENABLE_MODULES = YES;
				CLANG_ENABLE_OBJC_ARC = YES;
				CLANG_ENABLE_OBJC_WEAK = YES;
				CLANG_WARN_BLOCK_CAPTURE_AUTORELEASING = YES;
				CLANG_WARN_BOOL_CONVERSION = YES;
				CLANG_WARN_COMMA = YES;
				CLANG_WARN_CONSTANT_CONVERSION = YES;
				CLANG_WARN_DEPRECATED_OBJC_IMPLEMENTATIONS = YES;
				CLANG_WARN_DIRECT_OBJC_ISA_USAGE = YES_ERROR;
				CLANG_WARN_DOCUMENTATION_COMMENTS = YES;
				CLANG_WARN_EMPTY_BODY = YES;
				CLANG_WARN_ENUM_CONVERSION = YES;
				CLANG_WARN_INFINITE_RECURSION = YES;
				CLANG_WARN_INT_CONVERSION = YES;
				CLANG_WARN_NON_LITERAL_NULL_CONVERSION = YES;
				CLANG_WARN_OBJC_IMPLICIT_RETAIN_SELF = YES;
				CLANG_WARN_OBJC_LITERAL_CONVERSION = YES;
				CLANG_WARN_OBJC_ROOT_CLASS = YES_ERROR;
				CLANG_WARN_RANGE_LOOP_ANALYSIS = YES;
				CLANG_WARN_STRICT_PROTOTYPES = YES;
				CLANG_WARN_SUSPICIOUS_MOVE = YES;
				CLANG_WARN_UNGUARDED_AVAILABILITY = YES_AGGRESSIVE;
				CLANG_WARN_UNREACHABLE_CODE = YES;
				CLANG_WARN__DUPLICATE_METHOD_MATCH = YES;
				CODE_SIGN_IDENTITY = "iPhone Developer";
				COPY_PHASE_STRIP = NO;
				DEBUG_INFORMATION_FORMAT = "dwarf-with-dsym";
				ENABLE_NS_ASSERTIONS = NO;
				ENABLE_STRICT_OBJC_MSGSEND = YES;
				GCC_C_LANGUAGE_STANDARD = gnu11;
				GCC_NO_COMMON_BLOCKS = YES;
				GCC_WARN_64_TO_32_BIT_CONVERSION = YES;
				GCC_WARN_ABOUT_RETURN_TYPE = YES_ERROR;
				GCC_WARN_UNDECLARED_SELECTOR = YES;
				GCC_WARN_UNINITIALIZED_AUTOS = YES_AGGRESSIVE;
				GCC_WARN_UNUSED_FUNCTION = YES;
				GCC_WARN_UNUSED_VARIABLE = YES;
				IPHONEOS_DEPLOYMENT_TARGET = 12.4;
				MTL_ENABLE_DEBUG_INFO = NO;
				MTL_FAST_MATH = YES;
				SDKROOT = iphoneos;
				VALIDATE_PRODUCT = YES;
			};
			name = Release;
		};
		B6253360233FA2F2007CC8D7 /* Debug */ = {
			isa = XCBuildConfiguration;
			buildSettings = {
				CODE_SIGN_STYLE = Automatic;
				DEFINES_MODULE = YES;
				DEVELOPMENT_TEAM = 6WLV67D2QG;
				HEADER_SEARCH_PATHS = "$(SRCROOT)";
				MODULEMAP_FILE = "$(SRCROOT)/module.modulemap";
				OTHER_LDFLAGS = "-ObjC";
				PRODUCT_NAME = "$(TARGET_NAME)";
				PUBLIC_HEADERS_FOLDER_PATH = " $(CONTENTS_FOLDER_PATH)/Headers";
				SKIP_INSTALL = YES;
				TARGETED_DEVICE_FAMILY = "1,2";
				USER_HEADER_SEARCH_PATHS = "$(SRCROOT)";
			};
			name = Debug;
		};
		B6253361233FA2F2007CC8D7 /* Release */ = {
			isa = XCBuildConfiguration;
			buildSettings = {
				CODE_SIGN_STYLE = Automatic;
				DEFINES_MODULE = YES;
				DEVELOPMENT_TEAM = 6WLV67D2QG;
				HEADER_SEARCH_PATHS = "$(SRCROOT)";
				MODULEMAP_FILE = "$(SRCROOT)/module.modulemap";
				OTHER_LDFLAGS = "-ObjC";
				PRODUCT_NAME = "$(TARGET_NAME)";
				PUBLIC_HEADERS_FOLDER_PATH = " $(CONTENTS_FOLDER_PATH)/Headers";
				SKIP_INSTALL = YES;
				TARGETED_DEVICE_FAMILY = "1,2";
				USER_HEADER_SEARCH_PATHS = "$(SRCROOT)";
			};
			name = Release;
		};
		B6253372233FA581007CC8D7 /* Debug */ = {
			isa = XCBuildConfiguration;
			buildSettings = {
				CODE_SIGN_STYLE = Automatic;
				DEVELOPMENT_TEAM = 6WLV67D2QG;
				HEADER_SEARCH_PATHS = "$(SRCROOT)";
				INFOPLIST_FILE = Tests/Info.plist;
				LD_RUNPATH_SEARCH_PATHS = (
					"$(inherited)",
					"@executable_path/Frameworks",
					"@loader_path/Frameworks",
				);
				PRODUCT_BUNDLE_IDENTIFIER = com.someprojects.Tests;
				PRODUCT_NAME = "$(TARGET_NAME)";
				SWIFT_ACTIVE_COMPILATION_CONDITIONS = DEBUG;
				SWIFT_OPTIMIZATION_LEVEL = "-Onone";
				SWIFT_VERSION = 5.0;
				TARGETED_DEVICE_FAMILY = "1,2";
				USER_HEADER_SEARCH_PATHS = "$(SRCROOT)";
			};
			name = Debug;
		};
		B6253373233FA581007CC8D7 /* Release */ = {
			isa = XCBuildConfiguration;
			buildSettings = {
				CODE_SIGN_STYLE = Automatic;
				DEVELOPMENT_TEAM = 6WLV67D2QG;
				HEADER_SEARCH_PATHS = "$(SRCROOT)";
				INFOPLIST_FILE = Tests/Info.plist;
				LD_RUNPATH_SEARCH_PATHS = (
					"$(inherited)",
					"@executable_path/Frameworks",
					"@loader_path/Frameworks",
				);
				PRODUCT_BUNDLE_IDENTIFIER = com.someprojects.Tests;
				PRODUCT_NAME = "$(TARGET_NAME)";
				SWIFT_COMPILATION_MODE = wholemodule;
				SWIFT_OPTIMIZATION_LEVEL = "-O";
				SWIFT_VERSION = 5.0;
				TARGETED_DEVICE_FAMILY = "1,2";
				USER_HEADER_SEARCH_PATHS = "$(SRCROOT)";
			};
			name = Release;
		};
/* End XCBuildConfiguration section */

/* Begin XCConfigurationList section */
		B6253351233FA2F2007CC8D7 /* Build configuration list for PBXProject "SomeThread" */ = {
			isa = XCConfigurationList;
			buildConfigurations = (
				B625335D233FA2F2007CC8D7 /* Debug */,
				B625335E233FA2F2007CC8D7 /* Release */,
			);
			defaultConfigurationIsVisible = 0;
			defaultConfigurationName = Release;
		};
		B625335F233FA2F2007CC8D7 /* Build configuration list for PBXNativeTarget "SomeThread" */ = {
			isa = XCConfigurationList;
			buildConfigurations = (
				B6253360233FA2F2007CC8D7 /* Debug */,
				B6253361233FA2F2007CC8D7 /* Release */,
			);
			defaultConfigurationIsVisible = 0;
			defaultConfigurationName = Release;
		};
		B6253371233FA581007CC8D7 /* Build configuration list for PBXNativeTarget "Tests" */ = {
			isa = XCConfigurationList;
			buildConfigurations = (
				B6253372233FA581007CC8D7 /* Debug */,
				B6253373233FA581007CC8D7 /* Release */,
			);
			defaultConfigurationIsVisible = 0;
			defaultConfigurationName = Release;
		};
/* End XCConfigurationList section */
	};
	rootObject = B625334E233FA2F2007CC8D7 /* Project object */;
}
